// !$*UTF8*$!
{
	archiveVersion = 1;
	classes = {
	};
	objectVersion = 77;
	objects = {

/* Begin PBXBuildFile section */
		31C095652EB6D7E50067944F /* FirebaseAI in Frameworks */ = {isa = PBXBuildFile; productRef = 31C095642EB6D7E50067944F /* FirebaseAI */; };
		31C095672EB6D7E50067944F /* FirebaseAnalytics in Frameworks */ = {isa = PBXBuildFile; productRef = 31C095662EB6D7E50067944F /* FirebaseAnalytics */; };
		31C095692EB6D7E50067944F /* FirebaseAnalyticsCore in Frameworks */ = {isa = PBXBuildFile; productRef = 31C095682EB6D7E50067944F /* FirebaseAnalyticsCore */; };
		31C0956B2EB6D7E50067944F /* FirebaseAnalyticsIdentitySupport in Frameworks */ = {isa = PBXBuildFile; productRef = 31C0956A2EB6D7E50067944F /* FirebaseAnalyticsIdentitySupport */; };
		31C0956D2EB6D7E50067944F /* FirebaseAppCheck in Frameworks */ = {isa = PBXBuildFile; productRef = 31C0956C2EB6D7E50067944F /* FirebaseAppCheck */; };
		31C0956F2EB6D7E50067944F /* FirebaseAppDistribution-Beta in Frameworks */ = {isa = PBXBuildFile; productRef = 31C0956E2EB6D7E50067944F /* FirebaseAppDistribution-Beta */; };
		31C095712EB6D7E50067944F /* FirebaseAuthCombine-Community in Frameworks */ = {isa = PBXBuildFile; productRef = 31C095702EB6D7E50067944F /* FirebaseAuthCombine-Community */; };
		31C095732EB6D7E50067944F /* FirebaseCore in Frameworks */ = {isa = PBXBuildFile; productRef = 31C095722EB6D7E50067944F /* FirebaseCore */; };
		31C095752EB6D7E50067944F /* FirebaseCrashlytics in Frameworks */ = {isa = PBXBuildFile; productRef = 31C095742EB6D7E50067944F /* FirebaseCrashlytics */; };
		31C095772EB6D7E50067944F /* FirebaseDatabase in Frameworks */ = {isa = PBXBuildFile; productRef = 31C095762EB6D7E50067944F /* FirebaseDatabase */; };
		31C095792EB6D7E50067944F /* FirebaseFirestoreCombine-Community in Frameworks */ = {isa = PBXBuildFile; productRef = 31C095782EB6D7E50067944F /* FirebaseFirestoreCombine-Community */; };
		31C0957B2EB6D7E50067944F /* FirebaseFunctions in Frameworks */ = {isa = PBXBuildFile; productRef = 31C0957A2EB6D7E50067944F /* FirebaseFunctions */; };
		31C0957D2EB6D7E50067944F /* FirebaseFunctionsCombine-Community in Frameworks */ = {isa = PBXBuildFile; productRef = 31C0957C2EB6D7E50067944F /* FirebaseFunctionsCombine-Community */; };
		31C0957F2EB6D7E50067944F /* FirebaseInAppMessaging-Beta in Frameworks */ = {isa = PBXBuildFile; productRef = 31C0957E2EB6D7E50067944F /* FirebaseInAppMessaging-Beta */; };
		31C095812EB6D7E50067944F /* FirebaseInstallations in Frameworks */ = {isa = PBXBuildFile; productRef = 31C095802EB6D7E50067944F /* FirebaseInstallations */; };
		31C095832EB6D7E50067944F /* FirebaseMessaging in Frameworks */ = {isa = PBXBuildFile; productRef = 31C095822EB6D7E50067944F /* FirebaseMessaging */; };
		31C095852EB6D7E50067944F /* FirebaseMLModelDownloader in Frameworks */ = {isa = PBXBuildFile; productRef = 31C095842EB6D7E50067944F /* FirebaseMLModelDownloader */; };
		31C095872EB6D7E50067944F /* FirebasePerformance in Frameworks */ = {isa = PBXBuildFile; productRef = 31C095862EB6D7E50067944F /* FirebasePerformance */; };
		31C095892EB6D7E50067944F /* FirebaseRemoteConfig in Frameworks */ = {isa = PBXBuildFile; productRef = 31C095882EB6D7E50067944F /* FirebaseRemoteConfig */; };
		31C0958B2EB6D7E50067944F /* FirebaseStorage in Frameworks */ = {isa = PBXBuildFile; productRef = 31C0958A2EB6D7E50067944F /* FirebaseStorage */; };
		31C0958D2EB6D7E50067944F /* FirebaseStorageCombine-Community in Frameworks */ = {isa = PBXBuildFile; productRef = 31C0958C2EB6D7E50067944F /* FirebaseStorageCombine-Community */; };
		31E9C3172E64FC32007031B0 /* FirebaseAuth in Frameworks */ = {isa = PBXBuildFile; productRef = 31E9C3162E64FC32007031B0 /* FirebaseAuth */; };
		31E9C3192E64FC32007031B0 /* FirebaseFirestore in Frameworks */ = {isa = PBXBuildFile; productRef = 31E9C3182E64FC32007031B0 /* FirebaseFirestore */; };
/* End PBXBuildFile section */

/* Begin PBXFileReference section */
		313E4DF62E5DFA7F0024FCD3 /* testProject.app */ = {isa = PBXFileReference; explicitFileType = wrapper.application; includeInIndex = 0; path = testProject.app; sourceTree = BUILT_PRODUCTS_DIR; };
/* End PBXFileReference section */

/* Begin PBXFileSystemSynchronizedBuildFileExceptionSet section */
		31AB09472EB722C000AC0819 /* Exceptions for "testProject" folder in "testProject" target */ = {
			isa = PBXFileSystemSynchronizedBuildFileExceptionSet;
			membershipExceptions = (
				Info.plist,
			);
			target = 313E4DF52E5DFA7F0024FCD3 /* testProject */;
		};
/* End PBXFileSystemSynchronizedBuildFileExceptionSet section */

/* Begin PBXFileSystemSynchronizedRootGroup section */
		313E4DF82E5DFA7F0024FCD3 /* testProject */ = {
			isa = PBXFileSystemSynchronizedRootGroup;
			exceptions = (
				31AB09472EB722C000AC0819 /* Exceptions for "testProject" folder in "testProject" target */,
			);
			path = testProject;
			sourceTree = "<group>";
		};
/* End PBXFileSystemSynchronizedRootGroup section */

/* Begin PBXFrameworksBuildPhase section */
		313E4DF32E5DFA7F0024FCD3 /* Frameworks */ = {
			isa = PBXFrameworksBuildPhase;
			buildActionMask = 2147483647;
			files = (
				31C095832EB6D7E50067944F /* FirebaseMessaging in Frameworks */,
				31C095792EB6D7E50067944F /* FirebaseFirestoreCombine-Community in Frameworks */,
				31C095872EB6D7E50067944F /* FirebasePerformance in Frameworks */,
				31C0958D2EB6D7E50067944F /* FirebaseStorageCombine-Community in Frameworks */,
				31C095892EB6D7E50067944F /* FirebaseRemoteConfig in Frameworks */,
				31C0957B2EB6D7E50067944F /* FirebaseFunctions in Frameworks */,
				31E9C3172E64FC32007031B0 /* FirebaseAuth in Frameworks */,
				31C095712EB6D7E50067944F /* FirebaseAuthCombine-Community in Frameworks */,
				31E9C3192E64FC32007031B0 /* FirebaseFirestore in Frameworks */,
				31C0956B2EB6D7E50067944F /* FirebaseAnalyticsIdentitySupport in Frameworks */,
				31C095692EB6D7E50067944F /* FirebaseAnalyticsCore in Frameworks */,
				31C095752EB6D7E50067944F /* FirebaseCrashlytics in Frameworks */,
				31C095812EB6D7E50067944F /* FirebaseInstallations in Frameworks */,
				31C0957D2EB6D7E50067944F /* FirebaseFunctionsCombine-Community in Frameworks */,
				31C095772EB6D7E50067944F /* FirebaseDatabase in Frameworks */,
				31C095852EB6D7E50067944F /* FirebaseMLModelDownloader in Frameworks */,
				31C0956D2EB6D7E50067944F /* FirebaseAppCheck in Frameworks */,
				31C0957F2EB6D7E50067944F /* FirebaseInAppMessaging-Beta in Frameworks */,
				31C095732EB6D7E50067944F /* FirebaseCore in Frameworks */,
				31C095672EB6D7E50067944F /* FirebaseAnalytics in Frameworks */,
				31C0958B2EB6D7E50067944F /* FirebaseStorage in Frameworks */,
				31C095652EB6D7E50067944F /* FirebaseAI in Frameworks */,
				31C0956F2EB6D7E50067944F /* FirebaseAppDistribution-Beta in Frameworks */,
			);
			runOnlyForDeploymentPostprocessing = 0;
		};
/* End PBXFrameworksBuildPhase section */

/* Begin PBXGroup section */
		313E4DED2E5DFA7F0024FCD3 = {
			isa = PBXGroup;
			children = (
				313E4DF82E5DFA7F0024FCD3 /* testProject */,
				31C095632EB6D7E50067944F /* Frameworks */,
				313E4DF72E5DFA7F0024FCD3 /* Products */,
			);
			sourceTree = "<group>";
		};
		313E4DF72E5DFA7F0024FCD3 /* Products */ = {
			isa = PBXGroup;
			children = (
				313E4DF62E5DFA7F0024FCD3 /* testProject.app */,
			);
			name = Products;
			sourceTree = "<group>";
		};
		31C095632EB6D7E50067944F /* Frameworks */ = {
			isa = PBXGroup;
			children = (
			);
			name = Frameworks;
			sourceTree = "<group>";
		};
/* End PBXGroup section */

/* Begin PBXNativeTarget section */
		313E4DF52E5DFA7F0024FCD3 /* testProject */ = {
			isa = PBXNativeTarget;
			buildConfigurationList = 313E4E012E5DFA7F0024FCD3 /* Build configuration list for PBXNativeTarget "testProject" */;
			buildPhases = (
				313E4DF22E5DFA7F0024FCD3 /* Sources */,
				313E4DF32E5DFA7F0024FCD3 /* Frameworks */,
				313E4DF42E5DFA7F0024FCD3 /* Resources */,
			);
			buildRules = (
			);
			dependencies = (
			);
			fileSystemSynchronizedGroups = (
				313E4DF82E5DFA7F0024FCD3 /* testProject */,
			);
			name = testProject;
			packageProductDependencies = (
				31E9C3162E64FC32007031B0 /* FirebaseAuth */,
				31E9C3182E64FC32007031B0 /* FirebaseFirestore */,
				31C095642EB6D7E50067944F /* FirebaseAI */,
				31C095662EB6D7E50067944F /* FirebaseAnalytics */,
				31C095682EB6D7E50067944F /* FirebaseAnalyticsCore */,
				31C0956A2EB6D7E50067944F /* FirebaseAnalyticsIdentitySupport */,
				31C0956C2EB6D7E50067944F /* FirebaseAppCheck */,
				31C0956E2EB6D7E50067944F /* FirebaseAppDistribution-Beta */,
				31C095702EB6D7E50067944F /* FirebaseAuthCombine-Community */,
				31C095722EB6D7E50067944F /* FirebaseCore */,
				31C095742EB6D7E50067944F /* FirebaseCrashlytics */,
				31C095762EB6D7E50067944F /* FirebaseDatabase */,
				31C095782EB6D7E50067944F /* FirebaseFirestoreCombine-Community */,
				31C0957A2EB6D7E50067944F /* FirebaseFunctions */,
				31C0957C2EB6D7E50067944F /* FirebaseFunctionsCombine-Community */,
				31C0957E2EB6D7E50067944F /* FirebaseInAppMessaging-Beta */,
				31C095802EB6D7E50067944F /* FirebaseInstallations */,
				31C095822EB6D7E50067944F /* FirebaseMessaging */,
				31C095842EB6D7E50067944F /* FirebaseMLModelDownloader */,
				31C095862EB6D7E50067944F /* FirebasePerformance */,
				31C095882EB6D7E50067944F /* FirebaseRemoteConfig */,
				31C0958A2EB6D7E50067944F /* FirebaseStorage */,
				31C0958C2EB6D7E50067944F /* FirebaseStorageCombine-Community */,
			);
			productName = authdemo;
			productReference = 313E4DF62E5DFA7F0024FCD3 /* testProject.app */;
			productType = "com.apple.product-type.application";
		};
/* End PBXNativeTarget section */

/* Begin PBXProject section */
		313E4DEE2E5DFA7F0024FCD3 /* Project object */ = {
			isa = PBXProject;
			attributes = {
				BuildIndependentTargetsInParallel = 1;
				LastSwiftUpdateCheck = 2600;
				LastUpgradeCheck = 2600;
				TargetAttributes = {
					313E4DF52E5DFA7F0024FCD3 = {
						CreatedOnToolsVersion = 26.0;
					};
				};
			};
			buildConfigurationList = 313E4DF12E5DFA7F0024FCD3 /* Build configuration list for PBXProject "testProject" */;
			developmentRegion = en;
			hasScannedForEncodings = 0;
			knownRegions = (
				en,
				Base,
			);
			mainGroup = 313E4DED2E5DFA7F0024FCD3;
			minimizedProjectReferenceProxies = 1;
			packageReferences = (
				31E9C3152E64FC32007031B0 /* XCRemoteSwiftPackageReference "firebase-ios-sdk" */,
			);
			preferredProjectObjectVersion = 77;
			productRefGroup = 313E4DF72E5DFA7F0024FCD3 /* Products */;
			projectDirPath = "";
			projectRoot = "";
			targets = (
				313E4DF52E5DFA7F0024FCD3 /* testProject */,
			);
		};
/* End PBXProject section */

/* Begin PBXResourcesBuildPhase section */
		313E4DF42E5DFA7F0024FCD3 /* Resources */ = {
			isa = PBXResourcesBuildPhase;
			buildActionMask = 2147483647;
			files = (
			);
			runOnlyForDeploymentPostprocessing = 0;
		};
/* End PBXResourcesBuildPhase section */

/* Begin PBXSourcesBuildPhase section */
		313E4DF22E5DFA7F0024FCD3 /* Sources */ = {
			isa = PBXSourcesBuildPhase;
			buildActionMask = 2147483647;
			files = (
			);
			runOnlyForDeploymentPostprocessing = 0;
		};
/* End PBXSourcesBuildPhase section */

/* Begin XCBuildConfiguration section */
		313E4DFF2E5DFA7F0024FCD3 /* Debug */ = {
			isa = XCBuildConfiguration;
			buildSettings = {
				ALWAYS_SEARCH_USER_PATHS = NO;
				ASSETCATALOG_COMPILER_GENERATE_SWIFT_ASSET_SYMBOL_EXTENSIONS = YES;
				CLANG_ANALYZER_NONNULL = YES;
				CLANG_ANALYZER_NUMBER_OBJECT_CONVERSION = YES_AGGRESSIVE;
				CLANG_CXX_LANGUAGE_STANDARD = "gnu++20";
				CLANG_ENABLE_MODULES = YES;
				CLANG_ENABLE_OBJC_ARC = YES;
				CLANG_ENABLE_OBJC_WEAK = YES;
				CLANG_WARN_BLOCK_CAPTURE_AUTORELEASING = YES;
				CLANG_WARN_BOOL_CONVERSION = YES;
				CLANG_WARN_COMMA = YES;
				CLANG_WARN_CONSTANT_CONVERSION = YES;
				CLANG_WARN_DEPRECATED_OBJC_IMPLEMENTATIONS = YES;
				CLANG_WARN_DIRECT_OBJC_ISA_USAGE = YES_ERROR;
				CLANG_WARN_DOCUMENTATION_COMMENTS = YES;
				CLANG_WARN_EMPTY_BODY = YES;
				CLANG_WARN_ENUM_CONVERSION = YES;
				CLANG_WARN_INFINITE_RECURSION = YES;
				CLANG_WARN_INT_CONVERSION = YES;
				CLANG_WARN_NON_LITERAL_NULL_CONVERSION = YES;
				CLANG_WARN_OBJC_IMPLICIT_RETAIN_SELF = YES;
				CLANG_WARN_OBJC_LITERAL_CONVERSION = YES;
				CLANG_WARN_OBJC_ROOT_CLASS = YES_ERROR;
				CLANG_WARN_QUOTED_INCLUDE_IN_FRAMEWORK_HEADER = YES;
				CLANG_WARN_RANGE_LOOP_ANALYSIS = YES;
				CLANG_WARN_STRICT_PROTOTYPES = YES;
				CLANG_WARN_SUSPICIOUS_MOVE = YES;
				CLANG_WARN_UNGUARDED_AVAILABILITY = YES_AGGRESSIVE;
				CLANG_WARN_UNREACHABLE_CODE = YES;
				CLANG_WARN__DUPLICATE_METHOD_MATCH = YES;
				COPY_PHASE_STRIP = NO;
				DEBUG_INFORMATION_FORMAT = dwarf;
				DEVELOPMENT_TEAM = 673X6DMZ94;
				ENABLE_STRICT_OBJC_MSGSEND = YES;
				ENABLE_TESTABILITY = YES;
				ENABLE_USER_SCRIPT_SANDBOXING = YES;
				GCC_C_LANGUAGE_STANDARD = gnu17;
				GCC_DYNAMIC_NO_PIC = NO;
				GCC_NO_COMMON_BLOCKS = YES;
				GCC_OPTIMIZATION_LEVEL = 0;
				GCC_PREPROCESSOR_DEFINITIONS = (
					"DEBUG=1",
					"$(inherited)",
				);
				GCC_WARN_64_TO_32_BIT_CONVERSION = YES;
				GCC_WARN_ABOUT_RETURN_TYPE = YES_ERROR;
				GCC_WARN_UNDECLARED_SELECTOR = YES;
				GCC_WARN_UNINITIALIZED_AUTOS = YES_AGGRESSIVE;
				GCC_WARN_UNUSED_FUNCTION = YES;
				GCC_WARN_UNUSED_VARIABLE = YES;
				IPHONEOS_DEPLOYMENT_TARGET = 26.0;
				LOCALIZATION_PREFERS_STRING_CATALOGS = YES;
				MTL_ENABLE_DEBUG_INFO = INCLUDE_SOURCE;
				MTL_FAST_MATH = YES;
				ONLY_ACTIVE_ARCH = YES;
				SDKROOT = iphoneos;
				SWIFT_ACTIVE_COMPILATION_CONDITIONS = "DEBUG $(inherited)";
				SWIFT_OPTIMIZATION_LEVEL = "-Onone";
			};
			name = Debug;
		};
		313E4E002E5DFA7F0024FCD3 /* Release */ = {
			isa = XCBuildConfiguration;
			buildSettings = {
				ALWAYS_SEARCH_USER_PATHS = NO;
				ASSETCATALOG_COMPILER_GENERATE_SWIFT_ASSET_SYMBOL_EXTENSIONS = YES;
				CLANG_ANALYZER_NONNULL = YES;
				CLANG_ANALYZER_NUMBER_OBJECT_CONVERSION = YES_AGGRESSIVE;
				CLANG_CXX_LANGUAGE_STANDARD = "gnu++20";
				CLANG_ENABLE_MODULES = YES;
				CLANG_ENABLE_OBJC_ARC = YES;
				CLANG_ENABLE_OBJC_WEAK = YES;
				CLANG_WARN_BLOCK_CAPTURE_AUTORELEASING = YES;
				CLANG_WARN_BOOL_CONVERSION = YES;
				CLANG_WARN_COMMA = YES;
				CLANG_WARN_CONSTANT_CONVERSION = YES;
				CLANG_WARN_DEPRECATED_OBJC_IMPLEMENTATIONS = YES;
				CLANG_WARN_DIRECT_OBJC_ISA_USAGE = YES_ERROR;
				CLANG_WARN_DOCUMENTATION_COMMENTS = YES;
				CLANG_WARN_EMPTY_BODY = YES;
				CLANG_WARN_ENUM_CONVERSION = YES;
				CLANG_WARN_INFINITE_RECURSION = YES;
				CLANG_WARN_INT_CONVERSION = YES;
				CLANG_WARN_NON_LITERAL_NULL_CONVERSION = YES;
				CLANG_WARN_OBJC_IMPLICIT_RETAIN_SELF = YES;
				CLANG_WARN_OBJC_LITERAL_CONVERSION = YES;
				CLANG_WARN_OBJC_ROOT_CLASS = YES_ERROR;
				CLANG_WARN_QUOTED_INCLUDE_IN_FRAMEWORK_HEADER = YES;
				CLANG_WARN_RANGE_LOOP_ANALYSIS = YES;
				CLANG_WARN_STRICT_PROTOTYPES = YES;
				CLANG_WARN_SUSPICIOUS_MOVE = YES;
				CLANG_WARN_UNGUARDED_AVAILABILITY = YES_AGGRESSIVE;
				CLANG_WARN_UNREACHABLE_CODE = YES;
				CLANG_WARN__DUPLICATE_METHOD_MATCH = YES;
				COPY_PHASE_STRIP = NO;
				DEBUG_INFORMATION_FORMAT = "dwarf-with-dsym";
				DEVELOPMENT_TEAM = 673X6DMZ94;
				ENABLE_NS_ASSERTIONS = NO;
				ENABLE_STRICT_OBJC_MSGSEND = YES;
				ENABLE_USER_SCRIPT_SANDBOXING = YES;
				GCC_C_LANGUAGE_STANDARD = gnu17;
				GCC_NO_COMMON_BLOCKS = YES;
				GCC_WARN_64_TO_32_BIT_CONVERSION = YES;
				GCC_WARN_ABOUT_RETURN_TYPE = YES_ERROR;
				GCC_WARN_UNDECLARED_SELECTOR = YES;
				GCC_WARN_UNINITIALIZED_AUTOS = YES_AGGRESSIVE;
				GCC_WARN_UNUSED_FUNCTION = YES;
				GCC_WARN_UNUSED_VARIABLE = YES;
				IPHONEOS_DEPLOYMENT_TARGET = 26.0;
				LOCALIZATION_PREFERS_STRING_CATALOGS = YES;
				MTL_ENABLE_DEBUG_INFO = NO;
				MTL_FAST_MATH = YES;
				SDKROOT = iphoneos;
				SWIFT_COMPILATION_MODE = wholemodule;
				VALIDATE_PRODUCT = YES;
			};
			name = Release;
		};
		313E4E022E5DFA7F0024FCD3 /* Debug */ = {
			isa = XCBuildConfiguration;
			buildSettings = {
				ASSETCATALOG_COMPILER_APPICON_NAME = AppIcon;
				ASSETCATALOG_COMPILER_GLOBAL_ACCENT_COLOR_NAME = AccentColor;
				CODE_SIGN_STYLE = Automatic;
				CURRENT_PROJECT_VERSION = 1;
				DEVELOPMENT_TEAM = 673X6DMZ94;
				ENABLE_PREVIEWS = YES;
				GENERATE_INFOPLIST_FILE = YES;
				INFOPLIST_FILE = testProject/Info.plist;
				INFOPLIST_KEY_NSMicrophoneUsageDescription = "Needs it";
				INFOPLIST_KEY_NSSpeechRecognitionUsageDescription = "Needs it";
				INFOPLIST_KEY_UIApplicationSceneManifest_Generation = YES;
				INFOPLIST_KEY_UIApplicationSupportsIndirectInputEvents = YES;
				INFOPLIST_KEY_UILaunchScreen_Generation = YES;
				INFOPLIST_KEY_UISupportedInterfaceOrientations_iPad = "UIInterfaceOrientationPortrait UIInterfaceOrientationPortraitUpsideDown UIInterfaceOrientationLandscapeLeft UIInterfaceOrientationLandscapeRight";
				INFOPLIST_KEY_UISupportedInterfaceOrientations_iPhone = "UIInterfaceOrientationPortrait UIInterfaceOrientationLandscapeLeft UIInterfaceOrientationLandscapeRight";
				LD_RUNPATH_SEARCH_PATHS = (
					"$(inherited)",
					"@executable_path/Frameworks",
				);
				MARKETING_VERSION = 1.0;
				PRODUCT_BUNDLE_IDENTIFIER = com.orino.testProject;
				PRODUCT_NAME = "$(TARGET_NAME)";
				STRING_CATALOG_GENERATE_SYMBOLS = YES;
				SWIFT_APPROACHABLE_CONCURRENCY = YES;
				SWIFT_DEFAULT_ACTOR_ISOLATION = MainActor;
				SWIFT_EMIT_LOC_STRINGS = YES;
				SWIFT_UPCOMING_FEATURE_MEMBER_IMPORT_VISIBILITY = YES;
				SWIFT_VERSION = 5.0;
				TARGETED_DEVICE_FAMILY = "1,2";
			};
			name = Debug;
		};
		313E4E032E5DFA7F0024FCD3 /* Release */ = {
			isa = XCBuildConfiguration;
			buildSettings = {
				ASSETCATALOG_COMPILER_APPICON_NAME = AppIcon;
				ASSETCATALOG_COMPILER_GLOBAL_ACCENT_COLOR_NAME = AccentColor;
				CODE_SIGN_STYLE = Automatic;
				CURRENT_PROJECT_VERSION = 1;
				DEVELOPMENT_TEAM = 673X6DMZ94;
				ENABLE_PREVIEWS = YES;
				GENERATE_INFOPLIST_FILE = YES;
				INFOPLIST_FILE = testProject/Info.plist;
				INFOPLIST_KEY_NSMicrophoneUsageDescription = "Needs it";
				INFOPLIST_KEY_NSSpeechRecognitionUsageDescription = "Needs it";
				INFOPLIST_KEY_UIApplicationSceneManifest_Generation = YES;
				INFOPLIST_KEY_UIApplicationSupportsIndirectInputEvents = YES;
				INFOPLIST_KEY_UILaunchScreen_Generation = YES;
				INFOPLIST_KEY_UISupportedInterfaceOrientations_iPad = "UIInterfaceOrientationPortrait UIInterfaceOrientationPortraitUpsideDown UIInterfaceOrientationLandscapeLeft UIInterfaceOrientationLandscapeRight";
				INFOPLIST_KEY_UISupportedInterfaceOrientations_iPhone = "UIInterfaceOrientationPortrait UIInterfaceOrientationLandscapeLeft UIInterfaceOrientationLandscapeRight";
				LD_RUNPATH_SEARCH_PATHS = (
					"$(inherited)",
					"@executable_path/Frameworks",
				);
				MARKETING_VERSION = 1.0;
				PRODUCT_BUNDLE_IDENTIFIER = com.orino.testProject;
				PRODUCT_NAME = "$(TARGET_NAME)";
				STRING_CATALOG_GENERATE_SYMBOLS = YES;
				SWIFT_APPROACHABLE_CONCURRENCY = YES;
				SWIFT_DEFAULT_ACTOR_ISOLATION = MainActor;
				SWIFT_EMIT_LOC_STRINGS = YES;
				SWIFT_UPCOMING_FEATURE_MEMBER_IMPORT_VISIBILITY = YES;
				SWIFT_VERSION = 5.0;
				TARGETED_DEVICE_FAMILY = "1,2";
			};
			name = Release;
		};
/* End XCBuildConfiguration section */

/* Begin XCConfigurationList section */
		313E4DF12E5DFA7F0024FCD3 /* Build configuration list for PBXProject "testProject" */ = {
			isa = XCConfigurationList;
			buildConfigurations = (
				313E4DFF2E5DFA7F0024FCD3 /* Debug */,
				313E4E002E5DFA7F0024FCD3 /* Release */,
			);
			defaultConfigurationIsVisible = 0;
			defaultConfigurationName = Release;
		};
		313E4E012E5DFA7F0024FCD3 /* Build configuration list for PBXNativeTarget "testProject" */ = {
			isa = XCConfigurationList;
			buildConfigurations = (
				313E4E022E5DFA7F0024FCD3 /* Debug */,
				313E4E032E5DFA7F0024FCD3 /* Release */,
			);
			defaultConfigurationIsVisible = 0;
			defaultConfigurationName = Release;
		};
/* End XCConfigurationList section */

/* Begin XCRemoteSwiftPackageReference section */
		31E9C3152E64FC32007031B0 /* XCRemoteSwiftPackageReference "firebase-ios-sdk" */ = {
			isa = XCRemoteSwiftPackageReference;
			repositoryURL = "https://github.com/firebase/firebase-ios-sdk.git";
			requirement = {
				kind = upToNextMajorVersion;
				minimumVersion = 12.2.0;
			};
		};
/* End XCRemoteSwiftPackageReference section */

/* Begin XCSwiftPackageProductDependency section */
		31C095642EB6D7E50067944F /* FirebaseAI */ = {
			isa = XCSwiftPackageProductDependency;
			package = 31E9C3152E64FC32007031B0 /* XCRemoteSwiftPackageReference "firebase-ios-sdk" */;
			productName = FirebaseAI;
		};
		31C095662EB6D7E50067944F /* FirebaseAnalytics */ = {
			isa = XCSwiftPackageProductDependency;
			package = 31E9C3152E64FC32007031B0 /* XCRemoteSwiftPackageReference "firebase-ios-sdk" */;
			productName = FirebaseAnalytics;
		};
		31C095682EB6D7E50067944F /* FirebaseAnalyticsCore */ = {
			isa = XCSwiftPackageProductDependency;
			package = 31E9C3152E64FC32007031B0 /* XCRemoteSwiftPackageReference "firebase-ios-sdk" */;
			productName = FirebaseAnalyticsCore;
		};
		31C0956A2EB6D7E50067944F /* FirebaseAnalyticsIdentitySupport */ = {
			isa = XCSwiftPackageProductDependency;
			package = 31E9C3152E64FC32007031B0 /* XCRemoteSwiftPackageReference "firebase-ios-sdk" */;
			productName = FirebaseAnalyticsIdentitySupport;
		};
		31C0956C2EB6D7E50067944F /* FirebaseAppCheck */ = {
			isa = XCSwiftPackageProductDependency;
			package = 31E9C3152E64FC32007031B0 /* XCRemoteSwiftPackageReference "firebase-ios-sdk" */;
			productName = FirebaseAppCheck;
		};
		31C0956E2EB6D7E50067944F /* FirebaseAppDistribution-Beta */ = {
			isa = XCSwiftPackageProductDependency;
			package = 31E9C3152E64FC32007031B0 /* XCRemoteSwiftPackageReference "firebase-ios-sdk" */;
			productName = "FirebaseAppDistribution-Beta";
		};
		31C095702EB6D7E50067944F /* FirebaseAuthCombine-Community */ = {
			isa = XCSwiftPackageProductDependency;
			package = 31E9C3152E64FC32007031B0 /* XCRemoteSwiftPackageReference "firebase-ios-sdk" */;
			productName = "FirebaseAuthCombine-Community";
		};
		31C095722EB6D7E50067944F /* FirebaseCore */ = {
			isa = XCSwiftPackageProductDependency;
			package = 31E9C3152E64FC32007031B0 /* XCRemoteSwiftPackageReference "firebase-ios-sdk" */;
			productName = FirebaseCore;
		};
		31C095742EB6D7E50067944F /* FirebaseCrashlytics */ = {
			isa = XCSwiftPackageProductDependency;
			package = 31E9C3152E64FC32007031B0 /* XCRemoteSwiftPackageReference "firebase-ios-sdk" */;
			productName = FirebaseCrashlytics;
		};
		31C095762EB6D7E50067944F /* FirebaseDatabase */ = {
			isa = XCSwiftPackageProductDependency;
			package = 31E9C3152E64FC32007031B0 /* XCRemoteSwiftPackageReference "firebase-ios-sdk" */;
			productName = FirebaseDatabase;
		};
		31C095782EB6D7E50067944F /* FirebaseFirestoreCombine-Community */ = {
			isa = XCSwiftPackageProductDependency;
			package = 31E9C3152E64FC32007031B0 /* XCRemoteSwiftPackageReference "firebase-ios-sdk" */;
			productName = "FirebaseFirestoreCombine-Community";
		};
		31C0957A2EB6D7E50067944F /* FirebaseFunctions */ = {
			isa = XCSwiftPackageProductDependency;
			package = 31E9C3152E64FC32007031B0 /* XCRemoteSwiftPackageReference "firebase-ios-sdk" */;
			productName = FirebaseFunctions;
		};
		31C0957C2EB6D7E50067944F /* FirebaseFunctionsCombine-Community */ = {
			isa = XCSwiftPackageProductDependency;
			package = 31E9C3152E64FC32007031B0 /* XCRemoteSwiftPackageReference "firebase-ios-sdk" */;
			productName = "FirebaseFunctionsCombine-Community";
		};
		31C0957E2EB6D7E50067944F /* FirebaseInAppMessaging-Beta */ = {
			isa = XCSwiftPackageProductDependency;
			package = 31E9C3152E64FC32007031B0 /* XCRemoteSwiftPackageReference "firebase-ios-sdk" */;
			productName = "FirebaseInAppMessaging-Beta";
		};
		31C095802EB6D7E50067944F /* FirebaseInstallations */ = {
			isa = XCSwiftPackageProductDependency;
			package = 31E9C3152E64FC32007031B0 /* XCRemoteSwiftPackageReference "firebase-ios-sdk" */;
			productName = FirebaseInstallations;
		};
		31C095822EB6D7E50067944F /* FirebaseMessaging */ = {
			isa = XCSwiftPackageProductDependency;
			package = 31E9C3152E64FC32007031B0 /* XCRemoteSwiftPackageReference "firebase-ios-sdk" */;
			productName = FirebaseMessaging;
		};
		31C095842EB6D7E50067944F /* FirebaseMLModelDownloader */ = {
			isa = XCSwiftPackageProductDependency;
			package = 31E9C3152E64FC32007031B0 /* XCRemoteSwiftPackageReference "firebase-ios-sdk" */;
			productName = FirebaseMLModelDownloader;
		};
		31C095862EB6D7E50067944F /* FirebasePerformance */ = {
			isa = XCSwiftPackageProductDependency;
			package = 31E9C3152E64FC32007031B0 /* XCRemoteSwiftPackageReference "firebase-ios-sdk" */;
			productName = FirebasePerformance;
		};
		31C095882EB6D7E50067944F /* FirebaseRemoteConfig */ = {
			isa = XCSwiftPackageProductDependency;
			package = 31E9C3152E64FC32007031B0 /* XCRemoteSwiftPackageReference "firebase-ios-sdk" */;
			productName = FirebaseRemoteConfig;
		};
		31C0958A2EB6D7E50067944F /* FirebaseStorage */ = {
			isa = XCSwiftPackageProductDependency;
			package = 31E9C3152E64FC32007031B0 /* XCRemoteSwiftPackageReference "firebase-ios-sdk" */;
			productName = FirebaseStorage;
		};
		31C0958C2EB6D7E50067944F /* FirebaseStorageCombine-Community */ = {
			isa = XCSwiftPackageProductDependency;
			package = 31E9C3152E64FC32007031B0 /* XCRemoteSwiftPackageReference "firebase-ios-sdk" */;
			productName = "FirebaseStorageCombine-Community";
		};
		31E9C3162E64FC32007031B0 /* FirebaseAuth */ = {
			isa = XCSwiftPackageProductDependency;
			package = 31E9C3152E64FC32007031B0 /* XCRemoteSwiftPackageReference "firebase-ios-sdk" */;
			productName = FirebaseAuth;
		};
		31E9C3182E64FC32007031B0 /* FirebaseFirestore */ = {
			isa = XCSwiftPackageProductDependency;
			package = 31E9C3152E64FC32007031B0 /* XCRemoteSwiftPackageReference "firebase-ios-sdk" */;
			productName = FirebaseFirestore;
		};
/* End XCSwiftPackageProductDependency section */
	};
	rootObject = 313E4DEE2E5DFA7F0024FCD3 /* Project object */;
}
